
Microsoft Visual Studio Solution File, Format Version 12.00
# Visual Studio Version 17
VisualStudioVersion = 17.3.32929.385
MinimumVisualStudioVersion = 10.0.40219.1
Project("{FAE04EC0-301F-11D3-BF4B-00C04F79EFBC}") = "Registration", "Registration.csproj", "{5AD2B316-D273-4DE2-AE32-5BA6EB17203C}"
EndProject
Global
	GlobalSection(SolutionConfigurationPlatforms) = preSolution
		Debug|Any CPU = Debug|Any CPU
		Release|Any CPU = Release|Any CPU
	EndGlobalSection
	GlobalSection(ProjectConfigurationPlatforms) = postSolution
		{5AD2B316-D273-4DE2-AE32-5BA6EB17203C}.Debug|Any CPU.ActiveCfg = Debug|Any CPU
		{5AD2B316-D273-4DE2-AE32-5BA6EB17203C}.Debug|Any CPU.Build.0 = Debug|Any CPU
		{5AD2B316-D273-4DE2-AE32-5BA6EB17203C}.Release|Any CPU.ActiveCfg = Release|Any CPU
		{5AD2B316-D273-4DE2-AE32-5BA6EB17203C}.Release|Any CPU.Build.0 = Release|Any CPU
	EndGlobalSection
	GlobalSection(SolutionProperties) = preSolution
		HideSolutionNode = FALSE
	EndGlobalSection
	GlobalSection(ExtensibilityGlobals) = postSolution
		SolutionGuid = {DF0D9DCA-7B62-48EF-843D-552F2A6C0DF8}
	EndGlobalSection
EndGlobal
